
Microsoft Visual Studio Solution File, Format Version 10.00
# Visual Studio 2008
Project("{FAE04EC0-301F-11D3-BF4B-00C04F79EFBC}") = "ikeo-jungle", "ikeo-jungle.csproj", "{D4308909-6459-4EFA-AC14-635D5195402A}"
EndProject
Global
	GlobalSection(SolutionConfigurationPlatforms) = preSolution
		Debug|Any CPU = Debug|Any CPU
		Release|Any CPU = Release|Any CPU
	EndGlobalSection
	GlobalSection(ProjectConfigurationPlatforms) = postSolution
		{D4308909-6459-4EFA-AC14-635D5195402A}.Debug|Any CPU.ActiveCfg = Debug|Any CPU
		{D4308909-6459-4EFA-AC14-635D5195402A}.Debug|Any CPU.Build.0 = Debug|Any CPU
		{D4308909-6459-4EFA-AC14-635D5195402A}.Release|Any CPU.ActiveCfg = Release|Any CPU
		{D4308909-6459-4EFA-AC14-635D5195402A}.Release|Any CPU.Build.0 = Release|Any CPU
	EndGlobalSection
	GlobalSection(SolutionProperties) = preSolution
		HideSolutionNode = FALSE
	EndGlobalSection
EndGlobal
